// !$*UTF8FILE*$!
{
	archiveVersion = 1;
	classes = {
	};
	objectVersion = 77;
	objects = {

/* Begin PBXFileReference section */
		1A1000000000000000000001 /* NovaDash.app */ = {isa = PBXFileReference; explicitFileType = wrapper.application; includeInIndex = 0; path = NovaDash.app; sourceTree = BUILT_PRODUCTS_DIR; };
/* End PBXFileReference section */

/* Begin PBXFileSystemSynchronizedBuildFileExceptionSet section */
		1A100000000000000000000A /* Exceptions for "NovaDash" folder in "NovaDash" target */ = {isa = PBXFileSystemSynchronizedBuildFileExceptionSet; membershipExceptions = (Info.plist,); target = 1A1000000000000000000005; };
/* End PBXFileSystemSynchronizedBuildFileExceptionSet section */

/* Begin PBXFileSystemSynchronizedRootGroup section */
		1A1000000000000000000002 /* NovaDash */ = {isa = PBXFileSystemSynchronizedRootGroup; exceptions = (1A100000000000000000000A); path = NovaDash; sourceTree = "<group>"; };
/* End PBXFileSystemSynchronizedRootGroup section */

/* Begin PBXFrameworksBuildPhase section */
		1A1000000000000000000003 /* Frameworks */ = {isa = PBXFrameworksBuildPhase; buildActionMask = 2147483647; files = (); runOnlyForDeploymentPostprocessing = 0; };
/* End PBXFrameworksBuildPhase section */

/* Begin PBXGroup section */
		1A1000000000000000000004 = {
			isa = PBXGroup;
			children = (
				1A1000000000000000000002 /* NovaDash */,
				1A1000000000000000000001 /* NovaDash.app */,
			);
			sourceTree = "<group>";
		};
/* End PBXGroup section */

/* Begin PBXNativeTarget section */
		1A1000000000000000000005 /* NovaDash */ = {
			isa = PBXNativeTarget;
			buildConfigurationList = 1A1000000000000000000008;
			buildPhases = (
				1A1000000000000000000006 /* Sources */,
				1A1000000000000000000003 /* Frameworks */,
				1A1000000000000000000007 /* Resources */,
			);
			buildRules = ();
			dependencies = ();
			fileSystemSynchronizedGroups = (1A1000000000000000000002);
			name = NovaDash;
			packageProductDependencies = ();
			productName = NovaDash;
			productReference = 1A1000000000000000000001 /* NovaDash.app */;
			productType = "com.apple.product-type.application";
		};
/* End PBXNativeTarget section */

/* Begin PBXProject section */
		1A1000000000000000000000 /* Project object */ = {
			isa = PBXProject;
			attributes = {
				BuildIndependentTargetsInParallel = 1;
				LastSwiftUpdateCheck = 2600;
				LastUpgradeCheck = 2600;
				TargetAttributes = {
					1A1000000000000000000005 = {
						CreatedOnToolsVersion = 26.0;
					};
				};
			};
			buildConfigurationList = 1A1000000000000000000009;
			compatibilityVersion = "Xcode 14.0";
			developmentRegion = en;
			hasScannedForEncodings = 0;
			knownRegions = (
				en,
				Base,
			);
			mainGroup = 1A1000000000000000000004;
			targets = (
				1A1000000000000000000005 /* NovaDash */,
			);
		};
/* End PBXProject section */

/* Begin PBXResourcesBuildPhase section */
		1A1000000000000000000007 /* Resources */ = {isa = PBXResourcesBuildPhase; buildActionMask = 2147483647; files = (); runOnlyForDeploymentPostprocessing = 0; };
/* End PBXResourcesBuildPhase section */

/* Begin PBXSourcesBuildPhase section */
		1A1000000000000000000006 /* Sources */ = {isa = PBXSourcesBuildPhase; buildActionMask = 2147483647; files = (); runOnlyForDeploymentPostprocessing = 0; };
/* End PBXSourcesBuildPhase section */

/* Begin XCBuildConfiguration section */
		1A100000000000000000000B /* Debug */ = {
			isa = XCBuildConfiguration;
			buildSettings = {
				ALWAYS_SEARCH_USER_PATHS = NO;
				CLANG_ENABLE_MODULES = YES;
				CLANG_ENABLE_OBJC_ARC = YES;
				COPY_PHASE_STRIP = NO;
				ENABLE_TESTABILITY = YES;
				GCC_OPTIMIZATION_LEVEL = 0;
				IPHONEOS_DEPLOYMENT_TARGET = 17.0;
				ONLY_ACTIVE_ARCH = YES;
				SDKROOT = iphoneos;
				SWIFT_ACTIVE_COMPILATION_CONDITIONS = DEBUG;
				SWIFT_OPTIMIZATION_LEVEL = "-Onone";
				SWIFT_VERSION = 5.0;
			};
			name = Debug;
		};
		1A100000000000000000000C /* Release */ = {
			isa = XCBuildConfiguration;
			buildSettings = {
				ALWAYS_SEARCH_USER_PATHS = NO;
				CLANG_ENABLE_MODULES = YES;
				CLANG_ENABLE_OBJC_ARC = YES;
				COPY_PHASE_STRIP = NO;
				GCC_OPTIMIZATION_LEVEL = s;
				IPHONEOS_DEPLOYMENT_TARGET = 17.0;
				ONLY_ACTIVE_ARCH = NO;
				SDKROOT = iphoneos;
				SWIFT_COMPILATION_MODE = wholemodule;
				SWIFT_OPTIMIZATION_LEVEL = "-O";
				SWIFT_VERSION = 5.0;
				VALIDATE_PRODUCT = YES;
			};
			name = Release;
		};
		1A100000000000000000000D /* Debug */ = {
			isa = XCBuildConfiguration;
			buildSettings = {
				CODE_SIGN_STYLE = Automatic;
				CURRENT_PROJECT_VERSION = 1;
				ENABLE_USER_SCRIPT_SANDBOXING = YES;
				GENERATE_INFOPLIST_FILE = NO;
				INFOPLIST_FILE = NovaDash/Info.plist;
				LD_RUNPATH_SEARCH_PATHS = (
					"$(inherited)",
					"@executable_path/Frameworks",
				);
				MARKETING_VERSION = 0.1;
				PRODUCT_BUNDLE_IDENTIFIER = com.novadash.app;
				PRODUCT_NAME = "$(TARGET_NAME)";
				SWIFT_EMIT_LOC_STRINGS = YES;
				TARGETED_DEVICE_FAMILY = "1,2";
			};
			name = Debug;
		};
		1A100000000000000000000E /* Release */ = {
			isa = XCBuildConfiguration;
			buildSettings = {
				CODE_SIGN_STYLE = Automatic;
				CURRENT_PROJECT_VERSION = 1;
				ENABLE_USER_SCRIPT_SANDBOXING = YES;
				GENERATE_INFOPLIST_FILE = NO;
				INFOPLIST_FILE = NovaDash/Info.plist;
				LD_RUNPATH_SEARCH_PATHS = (
					"$(inherited)",
					"@executable_path/Frameworks",
				);
				MARKETING_VERSION = 0.1;
				PRODUCT_BUNDLE_IDENTIFIER = com.novadash.app;
				PRODUCT_NAME = "$(TARGET_NAME)";
				SWIFT_EMIT_LOC_STRINGS = YES;
				TARGETED_DEVICE_FAMILY = "1,2";
			};
			name = Release;
		};
/* End XCBuildConfiguration section */

/* Begin XCConfigurationList section */
		1A1000000000000000000008 /* Build configuration list for PBXNativeTarget "NovaDash" */ = {
			isa = XCConfigurationList;
			buildConfigurations = (
				1A100000000000000000000D /* Debug */,
				1A100000000000000000000E /* Release */,
			);
			defaultConfigurationIsVisible = 0;
			defaultConfigurationName = Release;
		};
		1A1000000000000000000009 /* Build configuration list for PBXProject "NovaDash" */ = {
			isa = XCConfigurationList;
			buildConfigurations = (
				1A100000000000000000000B /* Debug */,
				1A100000000000000000000C /* Release */,
			);
			defaultConfigurationIsVisible = 0;
			defaultConfigurationName = Release;
		};
/* End XCConfigurationList section */
	};
	rootObject = 1A1000000000000000000000 /* Project object */;
}
